
Microsoft Visual Studio Solution File, Format Version 12.00
# Visual Studio 15
VisualStudioVersion = 15.0.28307.1000
MinimumVisualStudioVersion = 10.0.40219.1
Project("{FAE04EC0-301F-11D3-BF4B-00C04F79EFBC}") = "StringFinder", "StringFinder\StringFinder.csproj", "{968B2AEE-EE4B-4043-96A2-D54F2639F339}"
EndProject
Global
	GlobalSection(SolutionConfigurationPlatforms) = preSolution
		Debug|Any CPU = Debug|Any CPU
		Release|Any CPU = Release|Any CPU
	EndGlobalSection
	GlobalSection(ProjectConfigurationPlatforms) = postSolution
		{968B2AEE-EE4B-4043-96A2-D54F2639F339}.Debug|Any CPU.ActiveCfg = Debug|Any CPU
		{968B2AEE-EE4B-4043-96A2-D54F2639F339}.Debug|Any CPU.Build.0 = Debug|Any CPU
		{968B2AEE-EE4B-4043-96A2-D54F2639F339}.Release|Any CPU.ActiveCfg = Release|Any CPU
		{968B2AEE-EE4B-4043-96A2-D54F2639F339}.Release|Any CPU.Build.0 = Release|Any CPU
	EndGlobalSection
	GlobalSection(SolutionProperties) = preSolution
		HideSolutionNode = FALSE
	EndGlobalSection
	GlobalSection(ExtensibilityGlobals) = postSolution
		SolutionGuid = {910E560A-1007-4C9A-9F91-25B7FC507C60}
	EndGlobalSection
EndGlobal
